
Microsoft Visual Studio Solution File, Format Version 12.00
# Visual Studio Version 17
VisualStudioVersion = 17.5.33530.505
MinimumVisualStudioVersion = 10.0.40219.1
Project("{2150E333-8FDC-42A3-9474-1A3956D46DE8}") = "FrontEnd", "FrontEnd", "{302A79D2-10C2-4B4C-904D-51953174AABE}"
EndProject
Project("{2150E333-8FDC-42A3-9474-1A3956D46DE8}") = "Services", "Services", "{EF069E68-5786-4870-A3D8-5AFD46AD7558}"
EndProject
Project("{FAE04EC0-301F-11D3-BF4B-00C04F79EFBC}") = "GeekShopping.Web", "GeekShopping.Web\GeekShopping.Web.csproj", "{1FE26032-16AC-40E2-9611-67B8753BC6D6}"
EndProject
Project("{FAE04EC0-301F-11D3-BF4B-00C04F79EFBC}") = "GeekShopping.ProductAPI", "GeekShopping.Product\GeekShopping.ProductAPI.csproj", "{BD51665A-DD54-4DCA-BB34-BC003008BFA0}"
EndProject
Global
	GlobalSection(SolutionConfigurationPlatforms) = preSolution
		Debug|Any CPU = Debug|Any CPU
		Release|Any CPU = Release|Any CPU
	EndGlobalSection
	GlobalSection(ProjectConfigurationPlatforms) = postSolution
		{1FE26032-16AC-40E2-9611-67B8753BC6D6}.Debug|Any CPU.ActiveCfg = Debug|Any CPU
		{1FE26032-16AC-40E2-9611-67B8753BC6D6}.Debug|Any CPU.Build.0 = Debug|Any CPU
		{1FE26032-16AC-40E2-9611-67B8753BC6D6}.Release|Any CPU.ActiveCfg = Release|Any CPU
		{1FE26032-16AC-40E2-9611-67B8753BC6D6}.Release|Any CPU.Build.0 = Release|Any CPU
		{BD51665A-DD54-4DCA-BB34-BC003008BFA0}.Debug|Any CPU.ActiveCfg = Debug|Any CPU
		{BD51665A-DD54-4DCA-BB34-BC003008BFA0}.Debug|Any CPU.Build.0 = Debug|Any CPU
		{BD51665A-DD54-4DCA-BB34-BC003008BFA0}.Release|Any CPU.ActiveCfg = Release|Any CPU
		{BD51665A-DD54-4DCA-BB34-BC003008BFA0}.Release|Any CPU.Build.0 = Release|Any CPU
	EndGlobalSection
	GlobalSection(SolutionProperties) = preSolution
		HideSolutionNode = FALSE
	EndGlobalSection
	GlobalSection(NestedProjects) = preSolution
		{1FE26032-16AC-40E2-9611-67B8753BC6D6} = {302A79D2-10C2-4B4C-904D-51953174AABE}
		{BD51665A-DD54-4DCA-BB34-BC003008BFA0} = {EF069E68-5786-4870-A3D8-5AFD46AD7558}
	EndGlobalSection
	GlobalSection(ExtensibilityGlobals) = postSolution
		SolutionGuid = {87C87844-0F53-4B9E-9D88-69A790D649CF}
	EndGlobalSection
EndGlobal
